// !$*UTF8*$!
{
	archiveVersion = 1;
	classes = {
	};
	objectVersion = 46;
	objects = {

/* Begin PBXBuildFile section */
		80A7B1701F5940F900D938DE /* Assets.xcassets in Resources */ = {isa = PBXBuildFile; fileRef = 80A7B16D1F5940F800D938DE /* Assets.xcassets */; };
		80A7B1721F5940F900D938DE /* Info.plist in Resources */ = {isa = PBXBuildFile; fileRef = 80A7B16F1F5940F900D938DE /* Info.plist */; };
		80A7B1761F59411600D938DE /* AppDelegate.swift in Sources */ = {isa = PBXBuildFile; fileRef = 80A7B1741F59411600D938DE /* AppDelegate.swift */; };
		80A7B1771F59411600D938DE /* ViewController.swift in Sources */ = {isa = PBXBuildFile; fileRef = 80A7B1751F59411600D938DE /* ViewController.swift */; };
		80A7B1811F5943EE00D938DE /* Constants.swift in Sources */ = {isa = PBXBuildFile; fileRef = 80A7B1801F5943EE00D938DE /* Constants.swift */; };
		80A7B1831F59441400D938DE /* Configuration.swift in Sources */ = {isa = PBXBuildFile; fileRef = 80A7B1821F59441400D938DE /* Configuration.swift */; };
		80A7B1851F59443000D938DE /* Storyboards.swift in Sources */ = {isa = PBXBuildFile; fileRef = 80A7B1841F59443000D938DE /* Storyboards.swift */; };
		80A7B1871F5946F700D938DE /* Main.storyboard in Resources */ = {isa = PBXBuildFile; fileRef = 80A7B1861F5946F700D938DE /* Main.storyboard */; };
		80A7B1891F59471100D938DE /* Launch.storyboard in Resources */ = {isa = PBXBuildFile; fileRef = 80A7B1881F59471100D938DE /* Launch.storyboard */; };
		80A7B18F1F5949C100D938DE /* Home.storyboard in Resources */ = {isa = PBXBuildFile; fileRef = 80A7B18E1F5949C100D938DE /* Home.storyboard */; };
		80A7B1931F59505200D938DE /* UIColors.swift in Sources */ = {isa = PBXBuildFile; fileRef = 80A7B1921F59505200D938DE /* UIColors.swift */; };
		80A7B1961F59509800D938DE /* HomeViewController.swift in Sources */ = {isa = PBXBuildFile; fileRef = 80A7B1951F59509800D938DE /* HomeViewController.swift */; };
		80A7B1991F595F4500D938DE /* HomeTableCell.swift in Sources */ = {isa = PBXBuildFile; fileRef = 80A7B1981F595F4500D938DE /* HomeTableCell.swift */; };
/* End PBXBuildFile section */

/* Begin PBXFileReference section */
		80A7B1531F593CB400D938DE /* CSAFF.app */ = {isa = PBXFileReference; explicitFileType = wrapper.application; includeInIndex = 0; path = CSAFF.app; sourceTree = BUILT_PRODUCTS_DIR; };
		80A7B16D1F5940F800D938DE /* Assets.xcassets */ = {isa = PBXFileReference; lastKnownFileType = folder.assetcatalog; name = Assets.xcassets; path = ProjectFiles/Resources/Assets.xcassets; sourceTree = "<group>"; };
		80A7B16F1F5940F900D938DE /* Info.plist */ = {isa = PBXFileReference; fileEncoding = 4; lastKnownFileType = text.plist.xml; name = Info.plist; path = ProjectFiles/Resources/Info.plist; sourceTree = "<group>"; };
		80A7B1731F59411500D938DE /* CSAFF-Bridging-Header.h */ = {isa = PBXFileReference; lastKnownFileType = sourcecode.c.h; path = "CSAFF-Bridging-Header.h"; sourceTree = "<group>"; };
		80A7B1741F59411600D938DE /* AppDelegate.swift */ = {isa = PBXFileReference; fileEncoding = 4; lastKnownFileType = sourcecode.swift; name = AppDelegate.swift; path = ProjectFiles/Code/AppDelegate.swift; sourceTree = "<group>"; };
		80A7B1751F59411600D938DE /* ViewController.swift */ = {isa = PBXFileReference; fileEncoding = 4; lastKnownFileType = sourcecode.swift; name = ViewController.swift; path = ProjectFiles/Code/ViewController.swift; sourceTree = "<group>"; };
		80A7B1801F5943EE00D938DE /* Constants.swift */ = {isa = PBXFileReference; fileEncoding = 4; lastKnownFileType = sourcecode.swift; name = Constants.swift; path = ProjectFiles/Code/Constants.swift; sourceTree = "<group>"; };
		80A7B1821F59441400D938DE /* Configuration.swift */ = {isa = PBXFileReference; fileEncoding = 4; lastKnownFileType = sourcecode.swift; name = Configuration.swift; path = ProjectFiles/Code/Configuration.swift; sourceTree = "<group>"; };
		80A7B1841F59443000D938DE /* Storyboards.swift */ = {isa = PBXFileReference; fileEncoding = 4; lastKnownFileType = sourcecode.swift; path = Storyboards.swift; sourceTree = "<group>"; };
		80A7B1861F5946F700D938DE /* Main.storyboard */ = {isa = PBXFileReference; fileEncoding = 4; lastKnownFileType = file.storyboard; name = Main.storyboard; path = ProjectFiles/Resources/Main.storyboard; sourceTree = "<group>"; };
		80A7B1881F59471100D938DE /* Launch.storyboard */ = {isa = PBXFileReference; fileEncoding = 4; lastKnownFileType = file.storyboard; name = Launch.storyboard; path = ProjectFiles/Resources/Launch.storyboard; sourceTree = "<group>"; };
		80A7B18E1F5949C100D938DE /* Home.storyboard */ = {isa = PBXFileReference; fileEncoding = 4; lastKnownFileType = file.storyboard; name = Home.storyboard; path = ProjectFiles/Code/UI/Home/Home.storyboard; sourceTree = "<group>"; };
		80A7B1921F59505200D938DE /* UIColors.swift */ = {isa = PBXFileReference; fileEncoding = 4; lastKnownFileType = sourcecode.swift; name = UIColors.swift; path = ProjectFiles/Code/Helpers/UIColors.swift; sourceTree = "<group>"; };
		80A7B1951F59509800D938DE /* HomeViewController.swift */ = {isa = PBXFileReference; fileEncoding = 4; lastKnownFileType = sourcecode.swift; name = HomeViewController.swift; path = ProjectFiles/Code/UI/Home/Conrollers/HomeViewController.swift; sourceTree = "<group>"; };
		80A7B1981F595F4500D938DE /* HomeTableCell.swift */ = {isa = PBXFileReference; fileEncoding = 4; lastKnownFileType = sourcecode.swift; name = HomeTableCell.swift; path = ProjectFiles/Code/UI/Home/CellModel/HomeTableCell.swift; sourceTree = "<group>"; };
/* End PBXFileReference section */

/* Begin PBXFrameworksBuildPhase section */
		80A7B1501F593CB400D938DE /* Frameworks */ = {
			isa = PBXFrameworksBuildPhase;
			buildActionMask = 2147483647;
			files = (
			);
			runOnlyForDeploymentPostprocessing = 0;
		};
/* End PBXFrameworksBuildPhase section */

/* Begin PBXGroup section */
		80A7B14A1F593CB400D938DE = {
			isa = PBXGroup;
			children = (
				80A7B1731F59411500D938DE /* CSAFF-Bridging-Header.h */,
				80A7B1681F593F4200D938DE /* ProjectFiles */,
				80A7B1691F593F5500D938DE /* Model */,
				80A7B1551F593CB400D938DE /* CSAFF */,
				80A7B1541F593CB400D938DE /* Products */,
			);
			sourceTree = "<group>";
		};
		80A7B1541F593CB400D938DE /* Products */ = {
			isa = PBXGroup;
			children = (
				80A7B1531F593CB400D938DE /* CSAFF.app */,
			);
			name = Products;
			sourceTree = "<group>";
		};
		80A7B1551F593CB400D938DE /* CSAFF */ = {
			isa = PBXGroup;
			children = (
			);
			path = CSAFF;
			sourceTree = "<group>";
		};
		80A7B1681F593F4200D938DE /* ProjectFiles */ = {
			isa = PBXGroup;
			children = (
				80A7B16A1F593F7300D938DE /* Code */,
				80A7B16B1F593F7900D938DE /* Frameworks */,
				80A7B16C1F593F8400D938DE /* Resources */,
			);
			name = ProjectFiles;
			sourceTree = "<group>";
		};
		80A7B1691F593F5500D938DE /* Model */ = {
			isa = PBXGroup;
			children = (
			);
			name = Model;
			sourceTree = "<group>";
		};
		80A7B16A1F593F7300D938DE /* Code */ = {
			isa = PBXGroup;
			children = (
				80A7B18B1F59497E00D938DE /* UI */,
				80A7B18C1F59498C00D938DE /* Helpers */,
				80A7B1741F59411600D938DE /* AppDelegate.swift */,
				80A7B1751F59411600D938DE /* ViewController.swift */,
				80A7B1801F5943EE00D938DE /* Constants.swift */,
				80A7B1821F59441400D938DE /* Configuration.swift */,
				80A7B1841F59443000D938DE /* Storyboards.swift */,
			);
			name = Code;
			sourceTree = "<group>";
		};
		80A7B16B1F593F7900D938DE /* Frameworks */ = {
			isa = PBXGroup;
			children = (
			);
			name = Frameworks;
			sourceTree = "<group>";
		};
		80A7B16C1F593F8400D938DE /* Resources */ = {
			isa = PBXGroup;
			children = (
				80A7B17E1F5942D400D938DE /* Fonts */,
				80A7B16D1F5940F800D938DE /* Assets.xcassets */,
				80A7B16F1F5940F900D938DE /* Info.plist */,
				80A7B1861F5946F700D938DE /* Main.storyboard */,
				80A7B1881F59471100D938DE /* Launch.storyboard */,
			);
			name = Resources;
			sourceTree = "<group>";
		};
		80A7B17E1F5942D400D938DE /* Fonts */ = {
			isa = PBXGroup;
			children = (
			);
			name = Fonts;
			sourceTree = "<group>";
		};
		80A7B18B1F59497E00D938DE /* UI */ = {
			isa = PBXGroup;
			children = (
				80A7B18D1F59499B00D938DE /* Home */,
			);
			name = UI;
			sourceTree = "<group>";
		};
		80A7B18C1F59498C00D938DE /* Helpers */ = {
			isa = PBXGroup;
			children = (
				80A7B1921F59505200D938DE /* UIColors.swift */,
			);
			name = Helpers;
			sourceTree = "<group>";
		};
		80A7B18D1F59499B00D938DE /* Home */ = {
			isa = PBXGroup;
			children = (
				80A7B1971F595F1500D938DE /* CellModel */,
				80A7B1941F59508800D938DE /* Controllers */,
				80A7B18E1F5949C100D938DE /* Home.storyboard */,
			);
			name = Home;
			sourceTree = "<group>";
		};
		80A7B1941F59508800D938DE /* Controllers */ = {
			isa = PBXGroup;
			children = (
				80A7B1951F59509800D938DE /* HomeViewController.swift */,
			);
			name = Controllers;
			sourceTree = "<group>";
		};
		80A7B1971F595F1500D938DE /* CellModel */ = {
			isa = PBXGroup;
			children = (
				80A7B1981F595F4500D938DE /* HomeTableCell.swift */,
			);
			name = CellModel;
			sourceTree = "<group>";
		};
/* End PBXGroup section */

/* Begin PBXNativeTarget section */
		80A7B1521F593CB400D938DE /* CSAFF */ = {
			isa = PBXNativeTarget;
			buildConfigurationList = 80A7B1651F593CB400D938DE /* Build configuration list for PBXNativeTarget "CSAFF" */;
			buildPhases = (
				80A7B14F1F593CB400D938DE /* Sources */,
				80A7B1501F593CB400D938DE /* Frameworks */,
				80A7B1511F593CB400D938DE /* Resources */,
			);
			buildRules = (
			);
			dependencies = (
			);
			name = CSAFF;
			productName = CSAFF;
			productReference = 80A7B1531F593CB400D938DE /* CSAFF.app */;
			productType = "com.apple.product-type.application";
		};
/* End PBXNativeTarget section */

/* Begin PBXProject section */
		80A7B14B1F593CB400D938DE /* Project object */ = {
			isa = PBXProject;
			attributes = {
				LastSwiftUpdateCheck = 0830;
				LastUpgradeCheck = 0830;
				ORGANIZATIONNAME = "Nickelfox Technologies";
				TargetAttributes = {
					80A7B1521F593CB400D938DE = {
						CreatedOnToolsVersion = 8.3.3;
						DevelopmentTeam = NY45473NT8;
						LastSwiftMigration = 0830;
						ProvisioningStyle = Automatic;
					};
				};
			};
			buildConfigurationList = 80A7B14E1F593CB400D938DE /* Build configuration list for PBXProject "CSAFF" */;
			compatibilityVersion = "Xcode 3.2";
			developmentRegion = English;
			hasScannedForEncodings = 0;
			knownRegions = (
				en,
				Base,
			);
			mainGroup = 80A7B14A1F593CB400D938DE;
			productRefGroup = 80A7B1541F593CB400D938DE /* Products */;
			projectDirPath = "";
			projectRoot = "";
			targets = (
				80A7B1521F593CB400D938DE /* CSAFF */,
			);
		};
/* End PBXProject section */

/* Begin PBXResourcesBuildPhase section */
		80A7B1511F593CB400D938DE /* Resources */ = {
			isa = PBXResourcesBuildPhase;
			buildActionMask = 2147483647;
			files = (
				80A7B1871F5946F700D938DE /* Main.storyboard in Resources */,
				80A7B18F1F5949C100D938DE /* Home.storyboard in Resources */,
				80A7B1701F5940F900D938DE /* Assets.xcassets in Resources */,
				80A7B1721F5940F900D938DE /* Info.plist in Resources */,
				80A7B1891F59471100D938DE /* Launch.storyboard in Resources */,
			);
			runOnlyForDeploymentPostprocessing = 0;
		};
/* End PBXResourcesBuildPhase section */

/* Begin PBXSourcesBuildPhase section */
		80A7B14F1F593CB400D938DE /* Sources */ = {
			isa = PBXSourcesBuildPhase;
			buildActionMask = 2147483647;
			files = (
				80A7B1771F59411600D938DE /* ViewController.swift in Sources */,
				80A7B1851F59443000D938DE /* Storyboards.swift in Sources */,
				80A7B1761F59411600D938DE /* AppDelegate.swift in Sources */,
				80A7B1931F59505200D938DE /* UIColors.swift in Sources */,
				80A7B1831F59441400D938DE /* Configuration.swift in Sources */,
				80A7B1961F59509800D938DE /* HomeViewController.swift in Sources */,
				80A7B1811F5943EE00D938DE /* Constants.swift in Sources */,
				80A7B1991F595F4500D938DE /* HomeTableCell.swift in Sources */,
			);
			runOnlyForDeploymentPostprocessing = 0;
		};
/* End PBXSourcesBuildPhase section */

/* Begin XCBuildConfiguration section */
		80A7B1631F593CB400D938DE /* Debug */ = {
			isa = XCBuildConfiguration;
			buildSettings = {
				ALWAYS_SEARCH_USER_PATHS = NO;
				CLANG_ANALYZER_NONNULL = YES;
				CLANG_ANALYZER_NUMBER_OBJECT_CONVERSION = YES_AGGRESSIVE;
				CLANG_CXX_LANGUAGE_STANDARD = "gnu++0x";
				CLANG_CXX_LIBRARY = "libc++";
				CLANG_ENABLE_MODULES = YES;
				CLANG_ENABLE_OBJC_ARC = YES;
				CLANG_WARN_BOOL_CONVERSION = YES;
				CLANG_WARN_CONSTANT_CONVERSION = YES;
				CLANG_WARN_DIRECT_OBJC_ISA_USAGE = YES_ERROR;
				CLANG_WARN_DOCUMENTATION_COMMENTS = YES;
				CLANG_WARN_EMPTY_BODY = YES;
				CLANG_WARN_ENUM_CONVERSION = YES;
				CLANG_WARN_INFINITE_RECURSION = YES;
				CLANG_WARN_INT_CONVERSION = YES;
				CLANG_WARN_OBJC_ROOT_CLASS = YES_ERROR;
				CLANG_WARN_SUSPICIOUS_MOVE = YES;
				CLANG_WARN_UNREACHABLE_CODE = YES;
				CLANG_WARN__DUPLICATE_METHOD_MATCH = YES;
				"CODE_SIGN_IDENTITY[sdk=iphoneos*]" = "iPhone Developer";
				COPY_PHASE_STRIP = NO;
				DEBUG_INFORMATION_FORMAT = dwarf;
				ENABLE_STRICT_OBJC_MSGSEND = YES;
				ENABLE_TESTABILITY = YES;
				GCC_C_LANGUAGE_STANDARD = gnu99;
				GCC_DYNAMIC_NO_PIC = NO;
				GCC_NO_COMMON_BLOCKS = YES;
				GCC_OPTIMIZATION_LEVEL = 0;
				GCC_PREPROCESSOR_DEFINITIONS = (
					"DEBUG=1",
					"$(inherited)",
				);
				GCC_WARN_64_TO_32_BIT_CONVERSION = YES;
				GCC_WARN_ABOUT_RETURN_TYPE = YES_ERROR;
				GCC_WARN_UNDECLARED_SELECTOR = YES;
				GCC_WARN_UNINITIALIZED_AUTOS = YES_AGGRESSIVE;
				GCC_WARN_UNUSED_FUNCTION = YES;
				GCC_WARN_UNUSED_VARIABLE = YES;
				IPHONEOS_DEPLOYMENT_TARGET = 10.3;
				MTL_ENABLE_DEBUG_INFO = YES;
				ONLY_ACTIVE_ARCH = YES;
				SDKROOT = iphoneos;
				SWIFT_ACTIVE_COMPILATION_CONDITIONS = DEBUG;
				SWIFT_OPTIMIZATION_LEVEL = "-Onone";
				TARGETED_DEVICE_FAMILY = "1,2";
			};
			name = Debug;
		};
		80A7B1641F593CB400D938DE /* Release */ = {
			isa = XCBuildConfiguration;
			buildSettings = {
				ALWAYS_SEARCH_USER_PATHS = NO;
				CLANG_ANALYZER_NONNULL = YES;
				CLANG_ANALYZER_NUMBER_OBJECT_CONVERSION = YES_AGGRESSIVE;
				CLANG_CXX_LANGUAGE_STANDARD = "gnu++0x";
				CLANG_CXX_LIBRARY = "libc++";
				CLANG_ENABLE_MODULES = YES;
				CLANG_ENABLE_OBJC_ARC = YES;
				CLANG_WARN_BOOL_CONVERSION = YES;
				CLANG_WARN_CONSTANT_CONVERSION = YES;
				CLANG_WARN_DIRECT_OBJC_ISA_USAGE = YES_ERROR;
				CLANG_WARN_DOCUMENTATION_COMMENTS = YES;
				CLANG_WARN_EMPTY_BODY = YES;
				CLANG_WARN_ENUM_CONVERSION = YES;
				CLANG_WARN_INFINITE_RECURSION = YES;
				CLANG_WARN_INT_CONVERSION = YES;
				CLANG_WARN_OBJC_ROOT_CLASS = YES_ERROR;
				CLANG_WARN_SUSPICIOUS_MOVE = YES;
				CLANG_WARN_UNREACHABLE_CODE = YES;
				CLANG_WARN__DUPLICATE_METHOD_MATCH = YES;
				"CODE_SIGN_IDENTITY[sdk=iphoneos*]" = "iPhone Developer";
				COPY_PHASE_STRIP = NO;
				DEBUG_INFORMATION_FORMAT = "dwarf-with-dsym";
				ENABLE_NS_ASSERTIONS = NO;
				ENABLE_STRICT_OBJC_MSGSEND = YES;
				GCC_C_LANGUAGE_STANDARD = gnu99;
				GCC_NO_COMMON_BLOCKS = YES;
				GCC_WARN_64_TO_32_BIT_CONVERSION = YES;
				GCC_WARN_ABOUT_RETURN_TYPE = YES_ERROR;
				GCC_WARN_UNDECLARED_SELECTOR = YES;
				GCC_WARN_UNINITIALIZED_AUTOS = YES_AGGRESSIVE;
				GCC_WARN_UNUSED_FUNCTION = YES;
				GCC_WARN_UNUSED_VARIABLE = YES;
				IPHONEOS_DEPLOYMENT_TARGET = 10.3;
				MTL_ENABLE_DEBUG_INFO = NO;
				SDKROOT = iphoneos;
				SWIFT_OPTIMIZATION_LEVEL = "-Owholemodule";
				TARGETED_DEVICE_FAMILY = "1,2";
				VALIDATE_PRODUCT = YES;
			};
			name = Release;
		};
		80A7B1661F593CB400D938DE /* Debug */ = {
			isa = XCBuildConfiguration;
			buildSettings = {
				ASSETCATALOG_COMPILER_APPICON_NAME = AppIcon;
				CLANG_ENABLE_MODULES = YES;
				DEVELOPMENT_TEAM = NY45473NT8;
				INFOPLIST_FILE = ProjectFiles/Resources/Info.plist;
				LD_RUNPATH_SEARCH_PATHS = "$(inherited) @executable_path/Frameworks";
				PRODUCT_BUNDLE_IDENTIFIER = com.nickelfox.CSAFF;
				PRODUCT_NAME = "$(TARGET_NAME)";
				SWIFT_OBJC_BRIDGING_HEADER = "CSAFF-Bridging-Header.h";
				SWIFT_OPTIMIZATION_LEVEL = "-Onone";
				SWIFT_VERSION = 3.0;
			};
			name = Debug;
		};
		80A7B1671F593CB400D938DE /* Release */ = {
			isa = XCBuildConfiguration;
			buildSettings = {
				ASSETCATALOG_COMPILER_APPICON_NAME = AppIcon;
				CLANG_ENABLE_MODULES = YES;
				DEVELOPMENT_TEAM = NY45473NT8;
				INFOPLIST_FILE = ProjectFiles/Resources/Info.plist;
				LD_RUNPATH_SEARCH_PATHS = "$(inherited) @executable_path/Frameworks";
				PRODUCT_BUNDLE_IDENTIFIER = com.nickelfox.CSAFF;
				PRODUCT_NAME = "$(TARGET_NAME)";
				SWIFT_OBJC_BRIDGING_HEADER = "CSAFF-Bridging-Header.h";
				SWIFT_VERSION = 3.0;
			};
			name = Release;
		};
/* End XCBuildConfiguration section */

/* Begin XCConfigurationList section */
		80A7B14E1F593CB400D938DE /* Build configuration list for PBXProject "CSAFF" */ = {
			isa = XCConfigurationList;
			buildConfigurations = (
				80A7B1631F593CB400D938DE /* Debug */,
				80A7B1641F593CB400D938DE /* Release */,
			);
			defaultConfigurationIsVisible = 0;
			defaultConfigurationName = Release;
		};
		80A7B1651F593CB400D938DE /* Build configuration list for PBXNativeTarget "CSAFF" */ = {
			isa = XCConfigurationList;
			buildConfigurations = (
				80A7B1661F593CB400D938DE /* Debug */,
				80A7B1671F593CB400D938DE /* Release */,
			);
			defaultConfigurationIsVisible = 0;
		};
/* End XCConfigurationList section */
	};
	rootObject = 80A7B14B1F593CB400D938DE /* Project object */;
}
